// !$*UTF8*$!
{
	archiveVersion = 1;
	classes = {
	};
	objectVersion = 77;
	objects = {

/* Begin PBXContainerItemProxy section */
		C2E6DCD72DA44A49006A98DC /* PBXContainerItemProxy */ = {
			isa = PBXContainerItemProxy;
			containerPortal = C2E6DCBE2DA44A47006A98DC /* Project object */;
			proxyType = 1;
			remoteGlobalIDString = C2E6DCC52DA44A47006A98DC;
			remoteInfo = "ios-online-shop";
		};
		C2E6DCE12DA44A49006A98DC /* PBXContainerItemProxy */ = {
			isa = PBXContainerItemProxy;
			containerPortal = C2E6DCBE2DA44A47006A98DC /* Project object */;
			proxyType = 1;
			remoteGlobalIDString = C2E6DCC52DA44A47006A98DC;
			remoteInfo = "ios-online-shop";
		};
/* End PBXContainerItemProxy section */

/* Begin PBXFileReference section */
		C2E6DCC62DA44A47006A98DC /* ios-online-shop.app */ = {isa = PBXFileReference; explicitFileType = wrapper.application; includeInIndex = 0; path = "ios-online-shop.app"; sourceTree = BUILT_PRODUCTS_DIR; };
		C2E6DCD62DA44A49006A98DC /* ios-online-shopTests.xctest */ = {isa = PBXFileReference; explicitFileType = wrapper.cfbundle; includeInIndex = 0; path = "ios-online-shopTests.xctest"; sourceTree = BUILT_PRODUCTS_DIR; };
		C2E6DCE02DA44A49006A98DC /* ios-online-shopUITests.xctest */ = {isa = PBXFileReference; explicitFileType = wrapper.cfbundle; includeInIndex = 0; path = "ios-online-shopUITests.xctest"; sourceTree = BUILT_PRODUCTS_DIR; };
/* End PBXFileReference section */

/* Begin PBXFileSystemSynchronizedRootGroup section */
		C2E6DCC82DA44A47006A98DC /* ios-online-shop */ = {
			isa = PBXFileSystemSynchronizedRootGroup;
			path = "ios-online-shop";
			sourceTree = "<group>";
		};
		C2E6DCD92DA44A49006A98DC /* ios-online-shopTests */ = {
			isa = PBXFileSystemSynchronizedRootGroup;
			path = "ios-online-shopTests";
			sourceTree = "<group>";
		};
		C2E6DCE32DA44A49006A98DC /* ios-online-shopUITests */ = {
			isa = PBXFileSystemSynchronizedRootGroup;
			path = "ios-online-shopUITests";
			sourceTree = "<group>";
		};
/* End PBXFileSystemSynchronizedRootGroup section */

/* Begin PBXFrameworksBuildPhase section */
		C2E6DCC32DA44A47006A98DC /* Frameworks */ = {
			isa = PBXFrameworksBuildPhase;
			buildActionMask = 2147483647;
			files = (
			);
			runOnlyForDeploymentPostprocessing = 0;
		};
		C2E6DCD32DA44A49006A98DC /* Frameworks */ = {
			isa = PBXFrameworksBuildPhase;
			buildActionMask = 2147483647;
			files = (
			);
			runOnlyForDeploymentPostprocessing = 0;
		};
		C2E6DCDD2DA44A49006A98DC /* Frameworks */ = {
			isa = PBXFrameworksBuildPhase;
			buildActionMask = 2147483647;
			files = (
			);
			runOnlyForDeploymentPostprocessing = 0;
		};
/* End PBXFrameworksBuildPhase section */

/* Begin PBXGroup section */
		C2E6DCBD2DA44A47006A98DC = {
			isa = PBXGroup;
			children = (
				C2E6DCC82DA44A47006A98DC /* ios-online-shop */,
				C2E6DCD92DA44A49006A98DC /* ios-online-shopTests */,
				C2E6DCE32DA44A49006A98DC /* ios-online-shopUITests */,
				C2E6DCC72DA44A47006A98DC /* Products */,
			);
			sourceTree = "<group>";
		};
		C2E6DCC72DA44A47006A98DC /* Products */ = {
			isa = PBXGroup;
			children = (
				C2E6DCC62DA44A47006A98DC /* ios-online-shop.app */,
				C2E6DCD62DA44A49006A98DC /* ios-online-shopTests.xctest */,
				C2E6DCE02DA44A49006A98DC /* ios-online-shopUITests.xctest */,
			);
			name = Products;
			sourceTree = "<group>";
		};
/* End PBXGroup section */

/* Begin PBXNativeTarget section */
		C2E6DCC52DA44A47006A98DC /* ios-online-shop */ = {
			isa = PBXNativeTarget;
			buildConfigurationList = C2E6DCEA2DA44A49006A98DC /* Build configuration list for PBXNativeTarget "ios-online-shop" */;
			buildPhases = (
				C2E6DCC22DA44A47006A98DC /* Sources */,
				C2E6DCC32DA44A47006A98DC /* Frameworks */,
				C2E6DCC42DA44A47006A98DC /* Resources */,
			);
			buildRules = (
			);
			dependencies = (
			);
			fileSystemSynchronizedGroups = (
				C2E6DCC82DA44A47006A98DC /* ios-online-shop */,
			);
			name = "ios-online-shop";
			packageProductDependencies = (
			);
			productName = "ios-online-shop";
			productReference = C2E6DCC62DA44A47006A98DC /* ios-online-shop.app */;
			productType = "com.apple.product-type.application";
		};
		C2E6DCD52DA44A49006A98DC /* ios-online-shopTests */ = {
			isa = PBXNativeTarget;
			buildConfigurationList = C2E6DCED2DA44A49006A98DC /* Build configuration list for PBXNativeTarget "ios-online-shopTests" */;
			buildPhases = (
				C2E6DCD22DA44A49006A98DC /* Sources */,
				C2E6DCD32DA44A49006A98DC /* Frameworks */,
				C2E6DCD42DA44A49006A98DC /* Resources */,
			);
			buildRules = (
			);
			dependencies = (
				C2E6DCD82DA44A49006A98DC /* PBXTargetDependency */,
			);
			fileSystemSynchronizedGroups = (
				C2E6DCD92DA44A49006A98DC /* ios-online-shopTests */,
			);
			name = "ios-online-shopTests";
			packageProductDependencies = (
			);
			productName = "ios-online-shopTests";
			productReference = C2E6DCD62DA44A49006A98DC /* ios-online-shopTests.xctest */;
			productType = "com.apple.product-type.bundle.unit-test";
		};
		C2E6DCDF2DA44A49006A98DC /* ios-online-shopUITests */ = {
			isa = PBXNativeTarget;
			buildConfigurationList = C2E6DCF02DA44A49006A98DC /* Build configuration list for PBXNativeTarget "ios-online-shopUITests" */;
			buildPhases = (
				C2E6DCDC2DA44A49006A98DC /* Sources */,
				C2E6DCDD2DA44A49006A98DC /* Frameworks */,
				C2E6DCDE2DA44A49006A98DC /* Resources */,
			);
			buildRules = (
			);
			dependencies = (
				C2E6DCE22DA44A49006A98DC /* PBXTargetDependency */,
			);
			fileSystemSynchronizedGroups = (
				C2E6DCE32DA44A49006A98DC /* ios-online-shopUITests */,
			);
			name = "ios-online-shopUITests";
			packageProductDependencies = (
			);
			productName = "ios-online-shopUITests";
			productReference = C2E6DCE02DA44A49006A98DC /* ios-online-shopUITests.xctest */;
			productType = "com.apple.product-type.bundle.ui-testing";
		};
/* End PBXNativeTarget section */

/* Begin PBXProject section */
		C2E6DCBE2DA44A47006A98DC /* Project object */ = {
			isa = PBXProject;
			attributes = {
				BuildIndependentTargetsInParallel = 1;
				LastSwiftUpdateCheck = 1610;
				LastUpgradeCheck = 1610;
				TargetAttributes = {
					C2E6DCC52DA44A47006A98DC = {
						CreatedOnToolsVersion = 16.1;
					};
					C2E6DCD52DA44A49006A98DC = {
						CreatedOnToolsVersion = 16.1;
						TestTargetID = C2E6DCC52DA44A47006A98DC;
					};
					C2E6DCDF2DA44A49006A98DC = {
						CreatedOnToolsVersion = 16.1;
						TestTargetID = C2E6DCC52DA44A47006A98DC;
					};
				};
			};
			buildConfigurationList = C2E6DCC12DA44A47006A98DC /* Build configuration list for PBXProject "ios-online-shop" */;
			developmentRegion = en;
			hasScannedForEncodings = 0;
			knownRegions = (
				en,
				Base,
			);
			mainGroup = C2E6DCBD2DA44A47006A98DC;
			minimizedProjectReferenceProxies = 1;
			preferredProjectObjectVersion = 77;
			productRefGroup = C2E6DCC72DA44A47006A98DC /* Products */;
			projectDirPath = "";
			projectRoot = "";
			targets = (
				C2E6DCC52DA44A47006A98DC /* ios-online-shop */,
				C2E6DCD52DA44A49006A98DC /* ios-online-shopTests */,
				C2E6DCDF2DA44A49006A98DC /* ios-online-shopUITests */,
			);
		};
/* End PBXProject section */

/* Begin PBXResourcesBuildPhase section */
		C2E6DCC42DA44A47006A98DC /* Resources */ = {
			isa = PBXResourcesBuildPhase;
			buildActionMask = 2147483647;
			files = (
			);
			runOnlyForDeploymentPostprocessing = 0;
		};
		C2E6DCD42DA44A49006A98DC /* Resources */ = {
			isa = PBXResourcesBuildPhase;
			buildActionMask = 2147483647;
			files = (
			);
			runOnlyForDeploymentPostprocessing = 0;
		};
		C2E6DCDE2DA44A49006A98DC /* Resources */ = {
			isa = PBXResourcesBuildPhase;
			buildActionMask = 2147483647;
			files = (
			);
			runOnlyForDeploymentPostprocessing = 0;
		};
/* End PBXResourcesBuildPhase section */

/* Begin PBXSourcesBuildPhase section */
		C2E6DCC22DA44A47006A98DC /* Sources */ = {
			isa = PBXSourcesBuildPhase;
			buildActionMask = 2147483647;
			files = (
			);
			runOnlyForDeploymentPostprocessing = 0;
		};
		C2E6DCD22DA44A49006A98DC /* Sources */ = {
			isa = PBXSourcesBuildPhase;
			buildActionMask = 2147483647;
			files = (
			);
			runOnlyForDeploymentPostprocessing = 0;
		};
		C2E6DCDC2DA44A49006A98DC /* Sources */ = {
			isa = PBXSourcesBuildPhase;
			buildActionMask = 2147483647;
			files = (
			);
			runOnlyForDeploymentPostprocessing = 0;
		};
/* End PBXSourcesBuildPhase section */

/* Begin PBXTargetDependency section */
		C2E6DCD82DA44A49006A98DC /* PBXTargetDependency */ = {
			isa = PBXTargetDependency;
			target = C2E6DCC52DA44A47006A98DC /* ios-online-shop */;
			targetProxy = C2E6DCD72DA44A49006A98DC /* PBXContainerItemProxy */;
		};
		C2E6DCE22DA44A49006A98DC /* PBXTargetDependency */ = {
			isa = PBXTargetDependency;
			target = C2E6DCC52DA44A47006A98DC /* ios-online-shop */;
			targetProxy = C2E6DCE12DA44A49006A98DC /* PBXContainerItemProxy */;
		};
/* End PBXTargetDependency section */

/* Begin XCBuildConfiguration section */
		C2E6DCE82DA44A49006A98DC /* Debug */ = {
			isa = XCBuildConfiguration;
			buildSettings = {
				ALWAYS_SEARCH_USER_PATHS = NO;
				ASSETCATALOG_COMPILER_GENERATE_SWIFT_ASSET_SYMBOL_EXTENSIONS = YES;
				CLANG_ANALYZER_NONNULL = YES;
				CLANG_ANALYZER_NUMBER_OBJECT_CONVERSION = YES_AGGRESSIVE;
				CLANG_CXX_LANGUAGE_STANDARD = "gnu++20";
				CLANG_ENABLE_MODULES = YES;
				CLANG_ENABLE_OBJC_ARC = YES;
				CLANG_ENABLE_OBJC_WEAK = YES;
				CLANG_WARN_BLOCK_CAPTURE_AUTORELEASING = YES;
				CLANG_WARN_BOOL_CONVERSION = YES;
				CLANG_WARN_COMMA = YES;
				CLANG_WARN_CONSTANT_CONVERSION = YES;
				CLANG_WARN_DEPRECATED_OBJC_IMPLEMENTATIONS = YES;
				CLANG_WARN_DIRECT_OBJC_ISA_USAGE = YES_ERROR;
				CLANG_WARN_DOCUMENTATION_COMMENTS = YES;
				CLANG_WARN_EMPTY_BODY = YES;
				CLANG_WARN_ENUM_CONVERSION = YES;
				CLANG_WARN_INFINITE_RECURSION = YES;
				CLANG_WARN_INT_CONVERSION = YES;
				CLANG_WARN_NON_LITERAL_NULL_CONVERSION = YES;
				CLANG_WARN_OBJC_IMPLICIT_RETAIN_SELF = YES;
				CLANG_WARN_OBJC_LITERAL_CONVERSION = YES;
				CLANG_WARN_OBJC_ROOT_CLASS = YES_ERROR;
				CLANG_WARN_QUOTED_INCLUDE_IN_FRAMEWORK_HEADER = YES;
				CLANG_WARN_RANGE_LOOP_ANALYSIS = YES;
				CLANG_WARN_STRICT_PROTOTYPES = YES;
				CLANG_WARN_SUSPICIOUS_MOVE = YES;
				CLANG_WARN_UNGUARDED_AVAILABILITY = YES_AGGRESSIVE;
				CLANG_WARN_UNREACHABLE_CODE = YES;
				CLANG_WARN__DUPLICATE_METHOD_MATCH = YES;
				COPY_PHASE_STRIP = NO;
				DEBUG_INFORMATION_FORMAT = dwarf;
				ENABLE_STRICT_OBJC_MSGSEND = YES;
				ENABLE_TESTABILITY = YES;
				ENABLE_USER_SCRIPT_SANDBOXING = YES;
				GCC_C_LANGUAGE_STANDARD = gnu17;
				GCC_DYNAMIC_NO_PIC = NO;
				GCC_NO_COMMON_BLOCKS = YES;
				GCC_OPTIMIZATION_LEVEL = 0;
				GCC_PREPROCESSOR_DEFINITIONS = (
					"DEBUG=1",
					"$(inherited)",
				);
				GCC_WARN_64_TO_32_BIT_CONVERSION = YES;
				GCC_WARN_ABOUT_RETURN_TYPE = YES_ERROR;
				GCC_WARN_UNDECLARED_SELECTOR = YES;
				GCC_WARN_UNINITIALIZED_AUTOS = YES_AGGRESSIVE;
				GCC_WARN_UNUSED_FUNCTION = YES;
				GCC_WARN_UNUSED_VARIABLE = YES;
				IPHONEOS_DEPLOYMENT_TARGET = 18.1;
				LOCALIZATION_PREFERS_STRING_CATALOGS = YES;
				MTL_ENABLE_DEBUG_INFO = INCLUDE_SOURCE;
				MTL_FAST_MATH = YES;
				ONLY_ACTIVE_ARCH = YES;
				SDKROOT = iphoneos;
				SWIFT_ACTIVE_COMPILATION_CONDITIONS = "DEBUG $(inherited)";
				SWIFT_OPTIMIZATION_LEVEL = "-Onone";
			};
			name = Debug;
		};
		C2E6DCE92DA44A49006A98DC /* Release */ = {
			isa = XCBuildConfiguration;
			buildSettings = {
				ALWAYS_SEARCH_USER_PATHS = NO;
				ASSETCATALOG_COMPILER_GENERATE_SWIFT_ASSET_SYMBOL_EXTENSIONS = YES;
				CLANG_ANALYZER_NONNULL = YES;
				CLANG_ANALYZER_NUMBER_OBJECT_CONVERSION = YES_AGGRESSIVE;
				CLANG_CXX_LANGUAGE_STANDARD = "gnu++20";
				CLANG_ENABLE_MODULES = YES;
				CLANG_ENABLE_OBJC_ARC = YES;
				CLANG_ENABLE_OBJC_WEAK = YES;
				CLANG_WARN_BLOCK_CAPTURE_AUTORELEASING = YES;
				CLANG_WARN_BOOL_CONVERSION = YES;
				CLANG_WARN_COMMA = YES;
				CLANG_WARN_CONSTANT_CONVERSION = YES;
				CLANG_WARN_DEPRECATED_OBJC_IMPLEMENTATIONS = YES;
				CLANG_WARN_DIRECT_OBJC_ISA_USAGE = YES_ERROR;
				CLANG_WARN_DOCUMENTATION_COMMENTS = YES;
				CLANG_WARN_EMPTY_BODY = YES;
				CLANG_WARN_ENUM_CONVERSION = YES;
				CLANG_WARN_INFINITE_RECURSION = YES;
				CLANG_WARN_INT_CONVERSION = YES;
				CLANG_WARN_NON_LITERAL_NULL_CONVERSION = YES;
				CLANG_WARN_OBJC_IMPLICIT_RETAIN_SELF = YES;
				CLANG_WARN_OBJC_LITERAL_CONVERSION = YES;
				CLANG_WARN_OBJC_ROOT_CLASS = YES_ERROR;
				CLANG_WARN_QUOTED_INCLUDE_IN_FRAMEWORK_HEADER = YES;
				CLANG_WARN_RANGE_LOOP_ANALYSIS = YES;
				CLANG_WARN_STRICT_PROTOTYPES = YES;
				CLANG_WARN_SUSPICIOUS_MOVE = YES;
				CLANG_WARN_UNGUARDED_AVAILABILITY = YES_AGGRESSIVE;
				CLANG_WARN_UNREACHABLE_CODE = YES;
				CLANG_WARN__DUPLICATE_METHOD_MATCH = YES;
				COPY_PHASE_STRIP = NO;
				DEBUG_INFORMATION_FORMAT = "dwarf-with-dsym";
				ENABLE_NS_ASSERTIONS = NO;
				ENABLE_STRICT_OBJC_MSGSEND = YES;
				ENABLE_USER_SCRIPT_SANDBOXING = YES;
				GCC_C_LANGUAGE_STANDARD = gnu17;
				GCC_NO_COMMON_BLOCKS = YES;
				GCC_WARN_64_TO_32_BIT_CONVERSION = YES;
				GCC_WARN_ABOUT_RETURN_TYPE = YES_ERROR;
				GCC_WARN_UNDECLARED_SELECTOR = YES;
				GCC_WARN_UNINITIALIZED_AUTOS = YES_AGGRESSIVE;
				GCC_WARN_UNUSED_FUNCTION = YES;
				GCC_WARN_UNUSED_VARIABLE = YES;
				IPHONEOS_DEPLOYMENT_TARGET = 18.1;
				LOCALIZATION_PREFERS_STRING_CATALOGS = YES;
				MTL_ENABLE_DEBUG_INFO = NO;
				MTL_FAST_MATH = YES;
				SDKROOT = iphoneos;
				SWIFT_COMPILATION_MODE = wholemodule;
				VALIDATE_PRODUCT = YES;
			};
			name = Release;
		};
		C2E6DCEB2DA44A49006A98DC /* Debug */ = {
			isa = XCBuildConfiguration;
			buildSettings = {
				ASSETCATALOG_COMPILER_APPICON_NAME = AppIcon;
				ASSETCATALOG_COMPILER_GLOBAL_ACCENT_COLOR_NAME = AccentColor;
				CODE_SIGN_STYLE = Automatic;
				CURRENT_PROJECT_VERSION = 1;
				DEVELOPMENT_ASSET_PATHS = "\"ios-online-shop/Preview Content\"";
				ENABLE_PREVIEWS = YES;
				GENERATE_INFOPLIST_FILE = YES;
				INFOPLIST_KEY_UIApplicationSceneManifest_Generation = YES;
				INFOPLIST_KEY_UIApplicationSupportsIndirectInputEvents = YES;
				INFOPLIST_KEY_UILaunchScreen_Generation = YES;
				INFOPLIST_KEY_UISupportedInterfaceOrientations_iPad = "UIInterfaceOrientationPortrait UIInterfaceOrientationPortraitUpsideDown UIInterfaceOrientationLandscapeLeft UIInterfaceOrientationLandscapeRight";
				INFOPLIST_KEY_UISupportedInterfaceOrientations_iPhone = "UIInterfaceOrientationPortrait UIInterfaceOrientationLandscapeLeft UIInterfaceOrientationLandscapeRight";
				LD_RUNPATH_SEARCH_PATHS = (
					"$(inherited)",
					"@executable_path/Frameworks",
				);
				MARKETING_VERSION = 1.0;
				PRODUCT_BUNDLE_IDENTIFIER = "Victor.ios-online-shop";
				PRODUCT_NAME = "$(TARGET_NAME)";
				SWIFT_EMIT_LOC_STRINGS = YES;
				SWIFT_VERSION = 5.0;
				TARGETED_DEVICE_FAMILY = "1,2";
			};
			name = Debug;
		};
		C2E6DCEC2DA44A49006A98DC /* Release */ = {
			isa = XCBuildConfiguration;
			buildSettings = {
				ASSETCATALOG_COMPILER_APPICON_NAME = AppIcon;
				ASSETCATALOG_COMPILER_GLOBAL_ACCENT_COLOR_NAME = AccentColor;
				CODE_SIGN_STYLE = Automatic;
				CURRENT_PROJECT_VERSION = 1;
				DEVELOPMENT_ASSET_PATHS = "\"ios-online-shop/Preview Content\"";
				ENABLE_PREVIEWS = YES;
				GENERATE_INFOPLIST_FILE = YES;
				INFOPLIST_KEY_UIApplicationSceneManifest_Generation = YES;
				INFOPLIST_KEY_UIApplicationSupportsIndirectInputEvents = YES;
				INFOPLIST_KEY_UILaunchScreen_Generation = YES;
				INFOPLIST_KEY_UISupportedInterfaceOrientations_iPad = "UIInterfaceOrientationPortrait UIInterfaceOrientationPortraitUpsideDown UIInterfaceOrientationLandscapeLeft UIInterfaceOrientationLandscapeRight";
				INFOPLIST_KEY_UISupportedInterfaceOrientations_iPhone = "UIInterfaceOrientationPortrait UIInterfaceOrientationLandscapeLeft UIInterfaceOrientationLandscapeRight";
				LD_RUNPATH_SEARCH_PATHS = (
					"$(inherited)",
					"@executable_path/Frameworks",
				);
				MARKETING_VERSION = 1.0;
				PRODUCT_BUNDLE_IDENTIFIER = "Victor.ios-online-shop";
				PRODUCT_NAME = "$(TARGET_NAME)";
				SWIFT_EMIT_LOC_STRINGS = YES;
				SWIFT_VERSION = 5.0;
				TARGETED_DEVICE_FAMILY = "1,2";
			};
			name = Release;
		};
		C2E6DCEE2DA44A49006A98DC /* Debug */ = {
			isa = XCBuildConfiguration;
			buildSettings = {
				BUNDLE_LOADER = "$(TEST_HOST)";
				CODE_SIGN_STYLE = Automatic;
				CURRENT_PROJECT_VERSION = 1;
				GENERATE_INFOPLIST_FILE = YES;
				IPHONEOS_DEPLOYMENT_TARGET = 18.1;
				MARKETING_VERSION = 1.0;
				PRODUCT_BUNDLE_IDENTIFIER = "Victor.ios-online-shopTests";
				PRODUCT_NAME = "$(TARGET_NAME)";
				SWIFT_EMIT_LOC_STRINGS = NO;
				SWIFT_VERSION = 5.0;
				TARGETED_DEVICE_FAMILY = "1,2";
				TEST_HOST = "$(BUILT_PRODUCTS_DIR)/ios-online-shop.app/$(BUNDLE_EXECUTABLE_FOLDER_PATH)/ios-online-shop";
			};
			name = Debug;
		};
		C2E6DCEF2DA44A49006A98DC /* Release */ = {
			isa = XCBuildConfiguration;
			buildSettings = {
				BUNDLE_LOADER = "$(TEST_HOST)";
				CODE_SIGN_STYLE = Automatic;
				CURRENT_PROJECT_VERSION = 1;
				GENERATE_INFOPLIST_FILE = YES;
				IPHONEOS_DEPLOYMENT_TARGET = 18.1;
				MARKETING_VERSION = 1.0;
				PRODUCT_BUNDLE_IDENTIFIER = "Victor.ios-online-shopTests";
				PRODUCT_NAME = "$(TARGET_NAME)";
				SWIFT_EMIT_LOC_STRINGS = NO;
				SWIFT_VERSION = 5.0;
				TARGETED_DEVICE_FAMILY = "1,2";
				TEST_HOST = "$(BUILT_PRODUCTS_DIR)/ios-online-shop.app/$(BUNDLE_EXECUTABLE_FOLDER_PATH)/ios-online-shop";
			};
			name = Release;
		};
		C2E6DCF12DA44A49006A98DC /* Debug */ = {
			isa = XCBuildConfiguration;
			buildSettings = {
				CODE_SIGN_STYLE = Automatic;
				CURRENT_PROJECT_VERSION = 1;
				GENERATE_INFOPLIST_FILE = YES;
				MARKETING_VERSION = 1.0;
				PRODUCT_BUNDLE_IDENTIFIER = "Victor.ios-online-shopUITests";
				PRODUCT_NAME = "$(TARGET_NAME)";
				SWIFT_EMIT_LOC_STRINGS = NO;
				SWIFT_VERSION = 5.0;
				TARGETED_DEVICE_FAMILY = "1,2";
				TEST_TARGET_NAME = "ios-online-shop";
			};
			name = Debug;
		};
		C2E6DCF22DA44A49006A98DC /* Release */ = {
			isa = XCBuildConfiguration;
			buildSettings = {
				CODE_SIGN_STYLE = Automatic;
				CURRENT_PROJECT_VERSION = 1;
				GENERATE_INFOPLIST_FILE = YES;
				MARKETING_VERSION = 1.0;
				PRODUCT_BUNDLE_IDENTIFIER = "Victor.ios-online-shopUITests";
				PRODUCT_NAME = "$(TARGET_NAME)";
				SWIFT_EMIT_LOC_STRINGS = NO;
				SWIFT_VERSION = 5.0;
				TARGETED_DEVICE_FAMILY = "1,2";
				TEST_TARGET_NAME = "ios-online-shop";
			};
			name = Release;
		};
/* End XCBuildConfiguration section */

/* Begin XCConfigurationList section */
		C2E6DCC12DA44A47006A98DC /* Build configuration list for PBXProject "ios-online-shop" */ = {
			isa = XCConfigurationList;
			buildConfigurations = (
				C2E6DCE82DA44A49006A98DC /* Debug */,
				C2E6DCE92DA44A49006A98DC /* Release */,
			);
			defaultConfigurationIsVisible = 0;
			defaultConfigurationName = Release;
		};
		C2E6DCEA2DA44A49006A98DC /* Build configuration list for PBXNativeTarget "ios-online-shop" */ = {
			isa = XCConfigurationList;
			buildConfigurations = (
				C2E6DCEB2DA44A49006A98DC /* Debug */,
				C2E6DCEC2DA44A49006A98DC /* Release */,
			);
			defaultConfigurationIsVisible = 0;
			defaultConfigurationName = Release;
		};
		C2E6DCED2DA44A49006A98DC /* Build configuration list for PBXNativeTarget "ios-online-shopTests" */ = {
			isa = XCConfigurationList;
			buildConfigurations = (
				C2E6DCEE2DA44A49006A98DC /* Debug */,
				C2E6DCEF2DA44A49006A98DC /* Release */,
			);
			defaultConfigurationIsVisible = 0;
			defaultConfigurationName = Release;
		};
		C2E6DCF02DA44A49006A98DC /* Build configuration list for PBXNativeTarget "ios-online-shopUITests" */ = {
			isa = XCConfigurationList;
			buildConfigurations = (
				C2E6DCF12DA44A49006A98DC /* Debug */,
				C2E6DCF22DA44A49006A98DC /* Release */,
			);
			defaultConfigurationIsVisible = 0;
			defaultConfigurationName = Release;
		};
/* End XCConfigurationList section */
	};
	rootObject = C2E6DCBE2DA44A47006A98DC /* Project object */;
}
